
Microsoft Visual Studio Solution File, Format Version 12.00
# Visual Studio Version 17
VisualStudioVersion = 17.2.32519.379
MinimumVisualStudioVersion = 10.0.40219.1
Project("{FAE04EC0-301F-11D3-BF4B-00C04F79EFBC}") = "Lab_1", "Lab_1\Lab_1.csproj", "{2195132C-F423-42F5-9DEA-9137A7D4212C}"
EndProject
Project("{FAE04EC0-301F-11D3-BF4B-00C04F79EFBC}") = "Task2", "Task2\Task2.csproj", "{C850FB15-9569-4A7B-8CA2-CE485771249E}"
EndProject
Project("{FAE04EC0-301F-11D3-BF4B-00C04F79EFBC}") = "Task_3", "Task_3\Task_3.csproj", "{9367E403-D94A-4A21-B477-6B2877DDD434}"
EndProject
Project("{FAE04EC0-301F-11D3-BF4B-00C04F79EFBC}") = "Task4", "Task4\Task4.csproj", "{1BDB563A-CD3F-4719-BC5B-B46680D92529}"
EndProject
Project("{2150E333-8FDC-42A3-9474-1A3956D46DE8}") = "Лаб1", "Лаб1", "{90993045-94D6-4748-B41E-5AD4B2EA3B33}"
EndProject
Project("{2150E333-8FDC-42A3-9474-1A3956D46DE8}") = "Лаб2", "Лаб2", "{1A38B5A8-8B40-44F4-806B-E59E5B77871B}"
EndProject
Project("{FAE04EC0-301F-11D3-BF4B-00C04F79EFBC}") = "Раб1", "WindowsFormsApp1\Раб1.csproj", "{D24C57C0-F65A-431E-B596-7CE475A50F0E}"
EndProject
Project("{FAE04EC0-301F-11D3-BF4B-00C04F79EFBC}") = "Раб2", "Лаб2\Раб2.csproj", "{124EF53C-6A39-4B17-ABFA-705FA6C5586D}"
EndProject
Project("{FAE04EC0-301F-11D3-BF4B-00C04F79EFBC}") = "Раб3", "Раб3\Раб3.csproj", "{87D28E27-A659-4751-88FD-B32C0423D6F9}"
EndProject
Project("{FAE04EC0-301F-11D3-BF4B-00C04F79EFBC}") = "Раб6", "Раб6\Раб6.csproj", "{E054E26D-ABAA-4969-8669-338BD81E8E7B}"
EndProject
Project("{FAE04EC0-301F-11D3-BF4B-00C04F79EFBC}") = "Раб4", "Раб5\Раб4.csproj", "{CBD5FA3B-D7E9-415F-8877-67E86FC12261}"
EndProject
Project("{FAE04EC0-301F-11D3-BF4B-00C04F79EFBC}") = "Раб_5", "Раб_5\Раб_5.csproj", "{9E08821A-AC64-419E-8F07-61261C59AE7A}"
EndProject
Project("{2150E333-8FDC-42A3-9474-1A3956D46DE8}") = "Lab3", "Lab3", "{DED933DB-1998-4EE9-8059-2CA31CE385AF}"
EndProject
Project("{FAE04EC0-301F-11D3-BF4B-00C04F79EFBC}") = "Раб1", "Раб1\Раб1.csproj", "{52E245D5-C64D-4C6B-BCC9-7783C8CDFC53}"
EndProject
Project("{FAE04EC0-301F-11D3-BF4B-00C04F79EFBC}") = "Раб2", "Раб2\Раб2.csproj", "{5E70F954-2549-41BD-A244-9C58724DD7E3}"
EndProject
Project("{FAE04EC0-301F-11D3-BF4B-00C04F79EFBC}") = "Ра63", "Ра63\Ра63.csproj", "{63F8087F-0DA8-4D20-9520-B655980E7332}"
EndProject
Global
	GlobalSection(SolutionConfigurationPlatforms) = preSolution
		Debug|Any CPU = Debug|Any CPU
		Release|Any CPU = Release|Any CPU
	EndGlobalSection
	GlobalSection(ProjectConfigurationPlatforms) = postSolution
		{2195132C-F423-42F5-9DEA-9137A7D4212C}.Debug|Any CPU.ActiveCfg = Debug|Any CPU
		{2195132C-F423-42F5-9DEA-9137A7D4212C}.Debug|Any CPU.Build.0 = Debug|Any CPU
		{2195132C-F423-42F5-9DEA-9137A7D4212C}.Release|Any CPU.ActiveCfg = Release|Any CPU
		{2195132C-F423-42F5-9DEA-9137A7D4212C}.Release|Any CPU.Build.0 = Release|Any CPU
		{C850FB15-9569-4A7B-8CA2-CE485771249E}.Debug|Any CPU.ActiveCfg = Debug|Any CPU
		{C850FB15-9569-4A7B-8CA2-CE485771249E}.Debug|Any CPU.Build.0 = Debug|Any CPU
		{C850FB15-9569-4A7B-8CA2-CE485771249E}.Release|Any CPU.ActiveCfg = Release|Any CPU
		{C850FB15-9569-4A7B-8CA2-CE485771249E}.Release|Any CPU.Build.0 = Release|Any CPU
		{9367E403-D94A-4A21-B477-6B2877DDD434}.Debug|Any CPU.ActiveCfg = Debug|Any CPU
		{9367E403-D94A-4A21-B477-6B2877DDD434}.Debug|Any CPU.Build.0 = Debug|Any CPU
		{9367E403-D94A-4A21-B477-6B2877DDD434}.Release|Any CPU.ActiveCfg = Release|Any CPU
		{9367E403-D94A-4A21-B477-6B2877DDD434}.Release|Any CPU.Build.0 = Release|Any CPU
		{1BDB563A-CD3F-4719-BC5B-B46680D92529}.Debug|Any CPU.ActiveCfg = Debug|Any CPU
		{1BDB563A-CD3F-4719-BC5B-B46680D92529}.Debug|Any CPU.Build.0 = Debug|Any CPU
		{1BDB563A-CD3F-4719-BC5B-B46680D92529}.Release|Any CPU.ActiveCfg = Release|Any CPU
		{1BDB563A-CD3F-4719-BC5B-B46680D92529}.Release|Any CPU.Build.0 = Release|Any CPU
		{D24C57C0-F65A-431E-B596-7CE475A50F0E}.Debug|Any CPU.ActiveCfg = Debug|Any CPU
		{D24C57C0-F65A-431E-B596-7CE475A50F0E}.Debug|Any CPU.Build.0 = Debug|Any CPU
		{D24C57C0-F65A-431E-B596-7CE475A50F0E}.Release|Any CPU.ActiveCfg = Release|Any CPU
		{D24C57C0-F65A-431E-B596-7CE475A50F0E}.Release|Any CPU.Build.0 = Release|Any CPU
		{124EF53C-6A39-4B17-ABFA-705FA6C5586D}.Debug|Any CPU.ActiveCfg = Debug|Any CPU
		{124EF53C-6A39-4B17-ABFA-705FA6C5586D}.Debug|Any CPU.Build.0 = Debug|Any CPU
		{124EF53C-6A39-4B17-ABFA-705FA6C5586D}.Release|Any CPU.ActiveCfg = Release|Any CPU
		{124EF53C-6A39-4B17-ABFA-705FA6C5586D}.Release|Any CPU.Build.0 = Release|Any CPU
		{87D28E27-A659-4751-88FD-B32C0423D6F9}.Debug|Any CPU.ActiveCfg = Debug|Any CPU
		{87D28E27-A659-4751-88FD-B32C0423D6F9}.Debug|Any CPU.Build.0 = Debug|Any CPU
		{87D28E27-A659-4751-88FD-B32C0423D6F9}.Release|Any CPU.ActiveCfg = Release|Any CPU
		{87D28E27-A659-4751-88FD-B32C0423D6F9}.Release|Any CPU.Build.0 = Release|Any CPU
		{E054E26D-ABAA-4969-8669-338BD81E8E7B}.Debug|Any CPU.ActiveCfg = Debug|Any CPU
		{E054E26D-ABAA-4969-8669-338BD81E8E7B}.Debug|Any CPU.Build.0 = Debug|Any CPU
		{E054E26D-ABAA-4969-8669-338BD81E8E7B}.Release|Any CPU.ActiveCfg = Release|Any CPU
		{E054E26D-ABAA-4969-8669-338BD81E8E7B}.Release|Any CPU.Build.0 = Release|Any CPU
		{CBD5FA3B-D7E9-415F-8877-67E86FC12261}.Debug|Any CPU.ActiveCfg = Debug|Any CPU
		{CBD5FA3B-D7E9-415F-8877-67E86FC12261}.Debug|Any CPU.Build.0 = Debug|Any CPU
		{CBD5FA3B-D7E9-415F-8877-67E86FC12261}.Release|Any CPU.ActiveCfg = Release|Any CPU
		{CBD5FA3B-D7E9-415F-8877-67E86FC12261}.Release|Any CPU.Build.0 = Release|Any CPU
		{9E08821A-AC64-419E-8F07-61261C59AE7A}.Debug|Any CPU.ActiveCfg = Debug|Any CPU
		{9E08821A-AC64-419E-8F07-61261C59AE7A}.Debug|Any CPU.Build.0 = Debug|Any CPU
		{9E08821A-AC64-419E-8F07-61261C59AE7A}.Release|Any CPU.ActiveCfg = Release|Any CPU
		{9E08821A-AC64-419E-8F07-61261C59AE7A}.Release|Any CPU.Build.0 = Release|Any CPU
		{52E245D5-C64D-4C6B-BCC9-7783C8CDFC53}.Debug|Any CPU.ActiveCfg = Debug|Any CPU
		{52E245D5-C64D-4C6B-BCC9-7783C8CDFC53}.Debug|Any CPU.Build.0 = Debug|Any CPU
		{52E245D5-C64D-4C6B-BCC9-7783C8CDFC53}.Release|Any CPU.ActiveCfg = Release|Any CPU
		{52E245D5-C64D-4C6B-BCC9-7783C8CDFC53}.Release|Any CPU.Build.0 = Release|Any CPU
		{5E70F954-2549-41BD-A244-9C58724DD7E3}.Debug|Any CPU.ActiveCfg = Debug|Any CPU
		{5E70F954-2549-41BD-A244-9C58724DD7E3}.Debug|Any CPU.Build.0 = Debug|Any CPU
		{5E70F954-2549-41BD-A244-9C58724DD7E3}.Release|Any CPU.ActiveCfg = Release|Any CPU
		{5E70F954-2549-41BD-A244-9C58724DD7E3}.Release|Any CPU.Build.0 = Release|Any CPU
		{63F8087F-0DA8-4D20-9520-B655980E7332}.Debug|Any CPU.ActiveCfg = Debug|Any CPU
		{63F8087F-0DA8-4D20-9520-B655980E7332}.Debug|Any CPU.Build.0 = Debug|Any CPU
		{63F8087F-0DA8-4D20-9520-B655980E7332}.Release|Any CPU.ActiveCfg = Release|Any CPU
		{63F8087F-0DA8-4D20-9520-B655980E7332}.Release|Any CPU.Build.0 = Release|Any CPU
	EndGlobalSection
	GlobalSection(SolutionProperties) = preSolution
		HideSolutionNode = FALSE
	EndGlobalSection
	GlobalSection(NestedProjects) = preSolution
		{2195132C-F423-42F5-9DEA-9137A7D4212C} = {90993045-94D6-4748-B41E-5AD4B2EA3B33}
		{C850FB15-9569-4A7B-8CA2-CE485771249E} = {90993045-94D6-4748-B41E-5AD4B2EA3B33}
		{9367E403-D94A-4A21-B477-6B2877DDD434} = {90993045-94D6-4748-B41E-5AD4B2EA3B33}
		{1BDB563A-CD3F-4719-BC5B-B46680D92529} = {90993045-94D6-4748-B41E-5AD4B2EA3B33}
		{D24C57C0-F65A-431E-B596-7CE475A50F0E} = {1A38B5A8-8B40-44F4-806B-E59E5B77871B}
		{124EF53C-6A39-4B17-ABFA-705FA6C5586D} = {1A38B5A8-8B40-44F4-806B-E59E5B77871B}
		{87D28E27-A659-4751-88FD-B32C0423D6F9} = {1A38B5A8-8B40-44F4-806B-E59E5B77871B}
		{E054E26D-ABAA-4969-8669-338BD81E8E7B} = {1A38B5A8-8B40-44F4-806B-E59E5B77871B}
		{CBD5FA3B-D7E9-415F-8877-67E86FC12261} = {1A38B5A8-8B40-44F4-806B-E59E5B77871B}
		{9E08821A-AC64-419E-8F07-61261C59AE7A} = {1A38B5A8-8B40-44F4-806B-E59E5B77871B}
		{52E245D5-C64D-4C6B-BCC9-7783C8CDFC53} = {DED933DB-1998-4EE9-8059-2CA31CE385AF}
		{5E70F954-2549-41BD-A244-9C58724DD7E3} = {DED933DB-1998-4EE9-8059-2CA31CE385AF}
		{63F8087F-0DA8-4D20-9520-B655980E7332} = {DED933DB-1998-4EE9-8059-2CA31CE385AF}
	EndGlobalSection
	GlobalSection(ExtensibilityGlobals) = postSolution
		SolutionGuid = {C3C21E95-8101-4280-A347-2A11740D0F9D}
	EndGlobalSection
EndGlobal
